
Microsoft Visual Studio Solution File, Format Version 12.00
# Visual Studio Version 17
VisualStudioVersion = 17.0.31903.59
MinimumVisualStudioVersion = 10.0.40219.1
Project("{2150E333-8FDC-42A3-9474-1A3956D46DE8}") = "SystemService", "SystemService", "{0B9066BE-D6C6-C3C4-75B4-7D7CCDC052B8}"
EndProject
Project("{FAE04EC0-301F-11D3-BF4B-00C04F79EFBC}") = "SystemService.Api", "SystemService\SystemService.Api\SystemService.Api.csproj", "{399D7BBB-DF0C-49B4-B65F-934FABF104CF}"
EndProject
Project("{2150E333-8FDC-42A3-9474-1A3956D46DE8}") = "Shared", "Shared", "{4F52FD11-658E-A102-6CD3-7D7C16FFA15B}"
EndProject
Project("{FAE04EC0-301F-11D3-BF4B-00C04F79EFBC}") = "Shared.Security", "Shared\Shared.Security\Shared.Security.csproj", "{809B7429-A7B1-423C-ABCF-33B057890959}"
EndProject
Project("{FAE04EC0-301F-11D3-BF4B-00C04F79EFBC}") = "SystemService.Application", "SystemService\SystemService.Application\SystemService.Application.csproj", "{24DCD88C-CE67-4802-B62E-F4FC79CD17C6}"
EndProject
Project("{FAE04EC0-301F-11D3-BF4B-00C04F79EFBC}") = "SystemService.Domain", "SystemService\SystemService.Domain\SystemService.Domain.csproj", "{4BB38C14-E7AA-4769-BC60-400CF1D7F8C1}"
EndProject
Project("{FAE04EC0-301F-11D3-BF4B-00C04F79EFBC}") = "SystemService.Infrastructure", "SystemService\SystemService.Infrastructure\SystemService.Infrastructure.csproj", "{C6EE3890-DFA3-45B4-9C2A-55BBDCB317EB}"
EndProject
Project("{FAE04EC0-301F-11D3-BF4B-00C04F79EFBC}") = "Shared.Contracts", "Shared\Shared.Contracts\Shared.Contracts.csproj", "{3D16EA4C-EAC8-4D01-ABD5-15A03351F673}"
EndProject
Project("{FAE04EC0-301F-11D3-BF4B-00C04F79EFBC}") = "Shared.Observability", "Shared\Shared.Observability\Shared.Observability.csproj", "{E82B8D37-D1CF-4570-97E3-28FB622C0651}"
EndProject
Project("{FAE04EC0-301F-11D3-BF4B-00C04F79EFBC}") = "Shared.Redis", "Shared\Shared.Redis\Shared.Redis.csproj", "{E1F0D5FD-79E0-4E2B-86F3-D051D289F33A}"
EndProject
Global
	GlobalSection(SolutionConfigurationPlatforms) = preSolution
		Debug|Any CPU = Debug|Any CPU
		Debug|x64 = Debug|x64
		Debug|x86 = Debug|x86
		Release|Any CPU = Release|Any CPU
		Release|x64 = Release|x64
		Release|x86 = Release|x86
	EndGlobalSection
	GlobalSection(ProjectConfigurationPlatforms) = postSolution
		{399D7BBB-DF0C-49B4-B65F-934FABF104CF}.Debug|Any CPU.ActiveCfg = Debug|Any CPU
		{399D7BBB-DF0C-49B4-B65F-934FABF104CF}.Debug|Any CPU.Build.0 = Debug|Any CPU
		{399D7BBB-DF0C-49B4-B65F-934FABF104CF}.Debug|x64.ActiveCfg = Debug|Any CPU
		{399D7BBB-DF0C-49B4-B65F-934FABF104CF}.Debug|x64.Build.0 = Debug|Any CPU
		{399D7BBB-DF0C-49B4-B65F-934FABF104CF}.Debug|x86.ActiveCfg = Debug|Any CPU
		{399D7BBB-DF0C-49B4-B65F-934FABF104CF}.Debug|x86.Build.0 = Debug|Any CPU
		{399D7BBB-DF0C-49B4-B65F-934FABF104CF}.Release|Any CPU.ActiveCfg = Release|Any CPU
		{399D7BBB-DF0C-49B4-B65F-934FABF104CF}.Release|Any CPU.Build.0 = Release|Any CPU
		{399D7BBB-DF0C-49B4-B65F-934FABF104CF}.Release|x64.ActiveCfg = Release|Any CPU
		{399D7BBB-DF0C-49B4-B65F-934FABF104CF}.Release|x64.Build.0 = Release|Any CPU
		{399D7BBB-DF0C-49B4-B65F-934FABF104CF}.Release|x86.ActiveCfg = Release|Any CPU
		{399D7BBB-DF0C-49B4-B65F-934FABF104CF}.Release|x86.Build.0 = Release|Any CPU
		{809B7429-A7B1-423C-ABCF-33B057890959}.Debug|Any CPU.ActiveCfg = Debug|Any CPU
		{809B7429-A7B1-423C-ABCF-33B057890959}.Debug|Any CPU.Build.0 = Debug|Any CPU
		{809B7429-A7B1-423C-ABCF-33B057890959}.Debug|x64.ActiveCfg = Debug|Any CPU
		{809B7429-A7B1-423C-ABCF-33B057890959}.Debug|x64.Build.0 = Debug|Any CPU
		{809B7429-A7B1-423C-ABCF-33B057890959}.Debug|x86.ActiveCfg = Debug|Any CPU
		{809B7429-A7B1-423C-ABCF-33B057890959}.Debug|x86.Build.0 = Debug|Any CPU
		{809B7429-A7B1-423C-ABCF-33B057890959}.Release|Any CPU.ActiveCfg = Release|Any CPU
		{809B7429-A7B1-423C-ABCF-33B057890959}.Release|Any CPU.Build.0 = Release|Any CPU
		{809B7429-A7B1-423C-ABCF-33B057890959}.Release|x64.ActiveCfg = Release|Any CPU
		{809B7429-A7B1-423C-ABCF-33B057890959}.Release|x64.Build.0 = Release|Any CPU
		{809B7429-A7B1-423C-ABCF-33B057890959}.Release|x86.ActiveCfg = Release|Any CPU
		{809B7429-A7B1-423C-ABCF-33B057890959}.Release|x86.Build.0 = Release|Any CPU
		{24DCD88C-CE67-4802-B62E-F4FC79CD17C6}.Debug|Any CPU.ActiveCfg = Debug|Any CPU
		{24DCD88C-CE67-4802-B62E-F4FC79CD17C6}.Debug|Any CPU.Build.0 = Debug|Any CPU
		{24DCD88C-CE67-4802-B62E-F4FC79CD17C6}.Debug|x64.ActiveCfg = Debug|Any CPU
		{24DCD88C-CE67-4802-B62E-F4FC79CD17C6}.Debug|x64.Build.0 = Debug|Any CPU
		{24DCD88C-CE67-4802-B62E-F4FC79CD17C6}.Debug|x86.ActiveCfg = Debug|Any CPU
		{24DCD88C-CE67-4802-B62E-F4FC79CD17C6}.Debug|x86.Build.0 = Debug|Any CPU
		{24DCD88C-CE67-4802-B62E-F4FC79CD17C6}.Release|Any CPU.ActiveCfg = Release|Any CPU
		{24DCD88C-CE67-4802-B62E-F4FC79CD17C6}.Release|Any CPU.Build.0 = Release|Any CPU
		{24DCD88C-CE67-4802-B62E-F4FC79CD17C6}.Release|x64.ActiveCfg = Release|Any CPU
		{24DCD88C-CE67-4802-B62E-F4FC79CD17C6}.Release|x64.Build.0 = Release|Any CPU
		{24DCD88C-CE67-4802-B62E-F4FC79CD17C6}.Release|x86.ActiveCfg = Release|Any CPU
		{24DCD88C-CE67-4802-B62E-F4FC79CD17C6}.Release|x86.Build.0 = Release|Any CPU
		{4BB38C14-E7AA-4769-BC60-400CF1D7F8C1}.Debug|Any CPU.ActiveCfg = Debug|Any CPU
		{4BB38C14-E7AA-4769-BC60-400CF1D7F8C1}.Debug|Any CPU.Build.0 = Debug|Any CPU
		{4BB38C14-E7AA-4769-BC60-400CF1D7F8C1}.Debug|x64.ActiveCfg = Debug|Any CPU
		{4BB38C14-E7AA-4769-BC60-400CF1D7F8C1}.Debug|x64.Build.0 = Debug|Any CPU
		{4BB38C14-E7AA-4769-BC60-400CF1D7F8C1}.Debug|x86.ActiveCfg = Debug|Any CPU
		{4BB38C14-E7AA-4769-BC60-400CF1D7F8C1}.Debug|x86.Build.0 = Debug|Any CPU
		{4BB38C14-E7AA-4769-BC60-400CF1D7F8C1}.Release|Any CPU.ActiveCfg = Release|Any CPU
		{4BB38C14-E7AA-4769-BC60-400CF1D7F8C1}.Release|Any CPU.Build.0 = Release|Any CPU
		{4BB38C14-E7AA-4769-BC60-400CF1D7F8C1}.Release|x64.ActiveCfg = Release|Any CPU
		{4BB38C14-E7AA-4769-BC60-400CF1D7F8C1}.Release|x64.Build.0 = Release|Any CPU
		{4BB38C14-E7AA-4769-BC60-400CF1D7F8C1}.Release|x86.ActiveCfg = Release|Any CPU
		{4BB38C14-E7AA-4769-BC60-400CF1D7F8C1}.Release|x86.Build.0 = Release|Any CPU
		{C6EE3890-DFA3-45B4-9C2A-55BBDCB317EB}.Debug|Any CPU.ActiveCfg = Debug|Any CPU
		{C6EE3890-DFA3-45B4-9C2A-55BBDCB317EB}.Debug|Any CPU.Build.0 = Debug|Any CPU
		{C6EE3890-DFA3-45B4-9C2A-55BBDCB317EB}.Debug|x64.ActiveCfg = Debug|Any CPU
		{C6EE3890-DFA3-45B4-9C2A-55BBDCB317EB}.Debug|x64.Build.0 = Debug|Any CPU
		{C6EE3890-DFA3-45B4-9C2A-55BBDCB317EB}.Debug|x86.ActiveCfg = Debug|Any CPU
		{C6EE3890-DFA3-45B4-9C2A-55BBDCB317EB}.Debug|x86.Build.0 = Debug|Any CPU
		{C6EE3890-DFA3-45B4-9C2A-55BBDCB317EB}.Release|Any CPU.ActiveCfg = Release|Any CPU
		{C6EE3890-DFA3-45B4-9C2A-55BBDCB317EB}.Release|Any CPU.Build.0 = Release|Any CPU
		{C6EE3890-DFA3-45B4-9C2A-55BBDCB317EB}.Release|x64.ActiveCfg = Release|Any CPU
		{C6EE3890-DFA3-45B4-9C2A-55BBDCB317EB}.Release|x64.Build.0 = Release|Any CPU
		{C6EE3890-DFA3-45B4-9C2A-55BBDCB317EB}.Release|x86.ActiveCfg = Release|Any CPU
		{C6EE3890-DFA3-45B4-9C2A-55BBDCB317EB}.Release|x86.Build.0 = Release|Any CPU
		{3D16EA4C-EAC8-4D01-ABD5-15A03351F673}.Debug|Any CPU.ActiveCfg = Debug|Any CPU
		{3D16EA4C-EAC8-4D01-ABD5-15A03351F673}.Debug|Any CPU.Build.0 = Debug|Any CPU
		{3D16EA4C-EAC8-4D01-ABD5-15A03351F673}.Debug|x64.ActiveCfg = Debug|Any CPU
		{3D16EA4C-EAC8-4D01-ABD5-15A03351F673}.Debug|x64.Build.0 = Debug|Any CPU
		{3D16EA4C-EAC8-4D01-ABD5-15A03351F673}.Debug|x86.ActiveCfg = Debug|Any CPU
		{3D16EA4C-EAC8-4D01-ABD5-15A03351F673}.Debug|x86.Build.0 = Debug|Any CPU
		{3D16EA4C-EAC8-4D01-ABD5-15A03351F673}.Release|Any CPU.ActiveCfg = Release|Any CPU
		{3D16EA4C-EAC8-4D01-ABD5-15A03351F673}.Release|Any CPU.Build.0 = Release|Any CPU
		{3D16EA4C-EAC8-4D01-ABD5-15A03351F673}.Release|x64.ActiveCfg = Release|Any CPU
		{3D16EA4C-EAC8-4D01-ABD5-15A03351F673}.Release|x64.Build.0 = Release|Any CPU
		{3D16EA4C-EAC8-4D01-ABD5-15A03351F673}.Release|x86.ActiveCfg = Release|Any CPU
		{3D16EA4C-EAC8-4D01-ABD5-15A03351F673}.Release|x86.Build.0 = Release|Any CPU
		{E82B8D37-D1CF-4570-97E3-28FB622C0651}.Debug|Any CPU.ActiveCfg = Debug|Any CPU
		{E82B8D37-D1CF-4570-97E3-28FB622C0651}.Debug|Any CPU.Build.0 = Debug|Any CPU
		{E82B8D37-D1CF-4570-97E3-28FB622C0651}.Debug|x64.ActiveCfg = Debug|Any CPU
		{E82B8D37-D1CF-4570-97E3-28FB622C0651}.Debug|x64.Build.0 = Debug|Any CPU
		{E82B8D37-D1CF-4570-97E3-28FB622C0651}.Debug|x86.ActiveCfg = Debug|Any CPU
		{E82B8D37-D1CF-4570-97E3-28FB622C0651}.Debug|x86.Build.0 = Debug|Any CPU
		{E82B8D37-D1CF-4570-97E3-28FB622C0651}.Release|Any CPU.ActiveCfg = Release|Any CPU
		{E82B8D37-D1CF-4570-97E3-28FB622C0651}.Release|Any CPU.Build.0 = Release|Any CPU
		{E82B8D37-D1CF-4570-97E3-28FB622C0651}.Release|x64.ActiveCfg = Release|Any CPU
		{E82B8D37-D1CF-4570-97E3-28FB622C0651}.Release|x64.Build.0 = Release|Any CPU
		{E82B8D37-D1CF-4570-97E3-28FB622C0651}.Release|x86.ActiveCfg = Release|Any CPU
		{E82B8D37-D1CF-4570-97E3-28FB622C0651}.Release|x86.Build.0 = Release|Any CPU
		{E1F0D5FD-79E0-4E2B-86F3-D051D289F33A}.Debug|Any CPU.ActiveCfg = Debug|Any CPU
		{E1F0D5FD-79E0-4E2B-86F3-D051D289F33A}.Debug|Any CPU.Build.0 = Debug|Any CPU
		{E1F0D5FD-79E0-4E2B-86F3-D051D289F33A}.Debug|x64.ActiveCfg = Debug|Any CPU
		{E1F0D5FD-79E0-4E2B-86F3-D051D289F33A}.Debug|x64.Build.0 = Debug|Any CPU
		{E1F0D5FD-79E0-4E2B-86F3-D051D289F33A}.Debug|x86.ActiveCfg = Debug|Any CPU
		{E1F0D5FD-79E0-4E2B-86F3-D051D289F33A}.Debug|x86.Build.0 = Debug|Any CPU
		{E1F0D5FD-79E0-4E2B-86F3-D051D289F33A}.Release|Any CPU.ActiveCfg = Release|Any CPU
		{E1F0D5FD-79E0-4E2B-86F3-D051D289F33A}.Release|Any CPU.Build.0 = Release|Any CPU
		{E1F0D5FD-79E0-4E2B-86F3-D051D289F33A}.Release|x64.ActiveCfg = Release|Any CPU
		{E1F0D5FD-79E0-4E2B-86F3-D051D289F33A}.Release|x64.Build.0 = Release|Any CPU
		{E1F0D5FD-79E0-4E2B-86F3-D051D289F33A}.Release|x86.ActiveCfg = Release|Any CPU
		{E1F0D5FD-79E0-4E2B-86F3-D051D289F33A}.Release|x86.Build.0 = Release|Any CPU
	EndGlobalSection
	GlobalSection(SolutionProperties) = preSolution
		HideSolutionNode = FALSE
	EndGlobalSection
	GlobalSection(NestedProjects) = preSolution
		{399D7BBB-DF0C-49B4-B65F-934FABF104CF} = {0B9066BE-D6C6-C3C4-75B4-7D7CCDC052B8}
		{809B7429-A7B1-423C-ABCF-33B057890959} = {4F52FD11-658E-A102-6CD3-7D7C16FFA15B}
		{24DCD88C-CE67-4802-B62E-F4FC79CD17C6} = {0B9066BE-D6C6-C3C4-75B4-7D7CCDC052B8}
		{4BB38C14-E7AA-4769-BC60-400CF1D7F8C1} = {0B9066BE-D6C6-C3C4-75B4-7D7CCDC052B8}
		{C6EE3890-DFA3-45B4-9C2A-55BBDCB317EB} = {0B9066BE-D6C6-C3C4-75B4-7D7CCDC052B8}
		{3D16EA4C-EAC8-4D01-ABD5-15A03351F673} = {4F52FD11-658E-A102-6CD3-7D7C16FFA15B}
		{E82B8D37-D1CF-4570-97E3-28FB622C0651} = {4F52FD11-658E-A102-6CD3-7D7C16FFA15B}
		{E1F0D5FD-79E0-4E2B-86F3-D051D289F33A} = {4F52FD11-658E-A102-6CD3-7D7C16FFA15B}
	EndGlobalSection
EndGlobal
